
Microsoft Visual Studio Solution File, Format Version 12.00
# Visual Studio Version 17
VisualStudioVersion = 17.11.35222.181
MinimumVisualStudioVersion = 10.0.40219.1
Project("{FAE04EC0-301F-11D3-BF4B-00C04F79EFBC}") = "ovning02ProdukterOchKategorier", "ovning02ProdukterOchKategorier.csproj", "{DA8EFBDA-5065-443F-9E18-B28FF519A24C}"
EndProject
Global
	GlobalSection(SolutionConfigurationPlatforms) = preSolution
		Debug|Any CPU = Debug|Any CPU
		Release|Any CPU = Release|Any CPU
	EndGlobalSection
	GlobalSection(ProjectConfigurationPlatforms) = postSolution
		{DA8EFBDA-5065-443F-9E18-B28FF519A24C}.Debug|Any CPU.ActiveCfg = Debug|Any CPU
		{DA8EFBDA-5065-443F-9E18-B28FF519A24C}.Debug|Any CPU.Build.0 = Debug|Any CPU
		{DA8EFBDA-5065-443F-9E18-B28FF519A24C}.Release|Any CPU.ActiveCfg = Release|Any CPU
		{DA8EFBDA-5065-443F-9E18-B28FF519A24C}.Release|Any CPU.Build.0 = Release|Any CPU
	EndGlobalSection
	GlobalSection(SolutionProperties) = preSolution
		HideSolutionNode = FALSE
	EndGlobalSection
	GlobalSection(ExtensibilityGlobals) = postSolution
		SolutionGuid = {FC1D0101-5C2F-430F-8E02-68DB943E66E1}
	EndGlobalSection
EndGlobal
